
Microsoft Visual Studio Solution File, Format Version 12.00
# Visual Studio 14
VisualStudioVersion = 14.0.25420.1
MinimumVisualStudioVersion = 10.0.40219.1
Project("{8BC9CEB8-8B4A-11D0-8D11-00A0C91BC942}") = "StereoMeasure", "StereoMeasure\StereoMeasure.vcxproj", "{F71CDE9D-0E43-485A-817D-44E0B6216A4E}"
EndProject
Project("{8BC9CEB8-8B4A-11D0-8D11-00A0C91BC942}") = "Calibration", "Calibration\Calibration.vcxproj", "{FD94B3E1-D0C7-4D57-9CB5-4FDB9F10295F}"
EndProject
Project("{8BC9CEB8-8B4A-11D0-8D11-00A0C91BC942}") = "StereoCalibration", "StereoCalibration\StereoCalibration.vcxproj", "{C4E53847-A17F-470C-B047-F54A65AF6FAC}"
EndProject
Project("{8BC9CEB8-8B4A-11D0-8D11-00A0C91BC942}") = "MatlabCalibration", "MatlabCalibration\MatlabCalibration.vcxproj", "{72EFC75A-7594-4F32-81D1-E062A729835B}"
EndProject
Global
	GlobalSection(SolutionConfigurationPlatforms) = preSolution
		Debug|x64 = Debug|x64
		Debug|x86 = Debug|x86
		DefaultDebug|x64 = DefaultDebug|x64
		DefaultDebug|x86 = DefaultDebug|x86
		Release|x64 = Release|x64
		Release|x86 = Release|x86
	EndGlobalSection
	GlobalSection(ProjectConfigurationPlatforms) = postSolution
		{F71CDE9D-0E43-485A-817D-44E0B6216A4E}.Debug|x64.ActiveCfg = Debug|x64
		{F71CDE9D-0E43-485A-817D-44E0B6216A4E}.Debug|x64.Build.0 = Debug|x64
		{F71CDE9D-0E43-485A-817D-44E0B6216A4E}.Debug|x86.ActiveCfg = Debug|Win32
		{F71CDE9D-0E43-485A-817D-44E0B6216A4E}.Debug|x86.Build.0 = Debug|Win32
		{F71CDE9D-0E43-485A-817D-44E0B6216A4E}.DefaultDebug|x64.ActiveCfg = DefaultDebug|x64
		{F71CDE9D-0E43-485A-817D-44E0B6216A4E}.DefaultDebug|x64.Build.0 = DefaultDebug|x64
		{F71CDE9D-0E43-485A-817D-44E0B6216A4E}.DefaultDebug|x86.ActiveCfg = DefaultDebug|Win32
		{F71CDE9D-0E43-485A-817D-44E0B6216A4E}.DefaultDebug|x86.Build.0 = DefaultDebug|Win32
		{F71CDE9D-0E43-485A-817D-44E0B6216A4E}.Release|x64.ActiveCfg = Release|x64
		{F71CDE9D-0E43-485A-817D-44E0B6216A4E}.Release|x64.Build.0 = Release|x64
		{F71CDE9D-0E43-485A-817D-44E0B6216A4E}.Release|x86.ActiveCfg = Release|Win32
		{F71CDE9D-0E43-485A-817D-44E0B6216A4E}.Release|x86.Build.0 = Release|Win32
		{FD94B3E1-D0C7-4D57-9CB5-4FDB9F10295F}.Debug|x64.ActiveCfg = Debug|x64
		{FD94B3E1-D0C7-4D57-9CB5-4FDB9F10295F}.Debug|x64.Build.0 = Debug|x64
		{FD94B3E1-D0C7-4D57-9CB5-4FDB9F10295F}.Debug|x86.ActiveCfg = Debug|Win32
		{FD94B3E1-D0C7-4D57-9CB5-4FDB9F10295F}.Debug|x86.Build.0 = Debug|Win32
		{FD94B3E1-D0C7-4D57-9CB5-4FDB9F10295F}.DefaultDebug|x64.ActiveCfg = DefaultDebug|x64
		{FD94B3E1-D0C7-4D57-9CB5-4FDB9F10295F}.DefaultDebug|x64.Build.0 = DefaultDebug|x64
		{FD94B3E1-D0C7-4D57-9CB5-4FDB9F10295F}.DefaultDebug|x86.ActiveCfg = DefaultDebug|Win32
		{FD94B3E1-D0C7-4D57-9CB5-4FDB9F10295F}.DefaultDebug|x86.Build.0 = DefaultDebug|Win32
		{FD94B3E1-D0C7-4D57-9CB5-4FDB9F10295F}.Release|x64.ActiveCfg = Release|x64
		{FD94B3E1-D0C7-4D57-9CB5-4FDB9F10295F}.Release|x64.Build.0 = Release|x64
		{FD94B3E1-D0C7-4D57-9CB5-4FDB9F10295F}.Release|x86.ActiveCfg = Release|Win32
		{FD94B3E1-D0C7-4D57-9CB5-4FDB9F10295F}.Release|x86.Build.0 = Release|Win32
		{C4E53847-A17F-470C-B047-F54A65AF6FAC}.Debug|x64.ActiveCfg = Debug|x64
		{C4E53847-A17F-470C-B047-F54A65AF6FAC}.Debug|x64.Build.0 = Debug|x64
		{C4E53847-A17F-470C-B047-F54A65AF6FAC}.Debug|x86.ActiveCfg = Debug|Win32
		{C4E53847-A17F-470C-B047-F54A65AF6FAC}.Debug|x86.Build.0 = Debug|Win32
		{C4E53847-A17F-470C-B047-F54A65AF6FAC}.DefaultDebug|x64.ActiveCfg = DefaultDebug|x64
		{C4E53847-A17F-470C-B047-F54A65AF6FAC}.DefaultDebug|x64.Build.0 = DefaultDebug|x64
		{C4E53847-A17F-470C-B047-F54A65AF6FAC}.DefaultDebug|x86.ActiveCfg = DefaultDebug|Win32
		{C4E53847-A17F-470C-B047-F54A65AF6FAC}.DefaultDebug|x86.Build.0 = DefaultDebug|Win32
		{C4E53847-A17F-470C-B047-F54A65AF6FAC}.Release|x64.ActiveCfg = Release|x64
		{C4E53847-A17F-470C-B047-F54A65AF6FAC}.Release|x64.Build.0 = Release|x64
		{C4E53847-A17F-470C-B047-F54A65AF6FAC}.Release|x86.ActiveCfg = Release|Win32
		{C4E53847-A17F-470C-B047-F54A65AF6FAC}.Release|x86.Build.0 = Release|Win32
		{72EFC75A-7594-4F32-81D1-E062A729835B}.Debug|x64.ActiveCfg = Debug|x64
		{72EFC75A-7594-4F32-81D1-E062A729835B}.Debug|x64.Build.0 = Debug|x64
		{72EFC75A-7594-4F32-81D1-E062A729835B}.Debug|x86.ActiveCfg = Debug|Win32
		{72EFC75A-7594-4F32-81D1-E062A729835B}.Debug|x86.Build.0 = Debug|Win32
		{72EFC75A-7594-4F32-81D1-E062A729835B}.DefaultDebug|x64.ActiveCfg = Debug|x64
		{72EFC75A-7594-4F32-81D1-E062A729835B}.DefaultDebug|x64.Build.0 = Debug|x64
		{72EFC75A-7594-4F32-81D1-E062A729835B}.DefaultDebug|x86.ActiveCfg = Debug|Win32
		{72EFC75A-7594-4F32-81D1-E062A729835B}.DefaultDebug|x86.Build.0 = Debug|Win32
		{72EFC75A-7594-4F32-81D1-E062A729835B}.Release|x64.ActiveCfg = Release|x64
		{72EFC75A-7594-4F32-81D1-E062A729835B}.Release|x64.Build.0 = Release|x64
		{72EFC75A-7594-4F32-81D1-E062A729835B}.Release|x86.ActiveCfg = Release|Win32
		{72EFC75A-7594-4F32-81D1-E062A729835B}.Release|x86.Build.0 = Release|Win32
	EndGlobalSection
	GlobalSection(SolutionProperties) = preSolution
		HideSolutionNode = FALSE
	EndGlobalSection
EndGlobal
